// !$*UTF8*$!
{
	archiveVersion = 1;
	classes = {
	};
	objectVersion = 56;
	objects = {

/* Begin PBXBuildFile section */
		29751D1F29C88E1A004986F8 /* NewsCombineTests.swift in Sources */ = {isa = PBXBuildFile; fileRef = 29751D1E29C88E1A004986F8 /* NewsCombineTests.swift */; };
		29751D2529C88E28004986F8 /* NewsViewModel.swift in Sources */ = {isa = PBXBuildFile; fileRef = 29CCEE2129C4DDF400452C0D /* NewsViewModel.swift */; };
		29751D2629C88E32004986F8 /* NewsCard.swift in Sources */ = {isa = PBXBuildFile; fileRef = 29CCEE2329C5098500452C0D /* NewsCard.swift */; };
		29751D2729C88E32004986F8 /* News.swift in Sources */ = {isa = PBXBuildFile; fileRef = 29CCEE1229C34DA900452C0D /* News.swift */; };
		29751D2829C88E32004986F8 /* ContentView.swift in Sources */ = {isa = PBXBuildFile; fileRef = 29CCEE0629C3485600452C0D /* ContentView.swift */; };
		29751D2929C88E32004986F8 /* NewsView.swift in Sources */ = {isa = PBXBuildFile; fileRef = 29CCEE1629C34DD400452C0D /* NewsView.swift */; };
		29751D2A29C88E32004986F8 /* DetailedNewsView.swift in Sources */ = {isa = PBXBuildFile; fileRef = 29CCEE2729C512A500452C0D /* DetailedNewsView.swift */; };
		29751D2B29C88E37004986F8 /* ImageLoader.swift in Sources */ = {isa = PBXBuildFile; fileRef = 29CCEE2529C50D8B00452C0D /* ImageLoader.swift */; };
		29CCEE0529C3485600452C0D /* NewsCombineApp.swift in Sources */ = {isa = PBXBuildFile; fileRef = 29CCEE0429C3485600452C0D /* NewsCombineApp.swift */; };
		29CCEE0729C3485600452C0D /* ContentView.swift in Sources */ = {isa = PBXBuildFile; fileRef = 29CCEE0629C3485600452C0D /* ContentView.swift */; };
		29CCEE0929C3485A00452C0D /* Assets.xcassets in Resources */ = {isa = PBXBuildFile; fileRef = 29CCEE0829C3485A00452C0D /* Assets.xcassets */; };
		29CCEE0C29C3485A00452C0D /* Preview Assets.xcassets in Resources */ = {isa = PBXBuildFile; fileRef = 29CCEE0B29C3485A00452C0D /* Preview Assets.xcassets */; };
		29CCEE1329C34DA900452C0D /* News.swift in Sources */ = {isa = PBXBuildFile; fileRef = 29CCEE1229C34DA900452C0D /* News.swift */; };
		29CCEE1729C34DD400452C0D /* NewsView.swift in Sources */ = {isa = PBXBuildFile; fileRef = 29CCEE1629C34DD400452C0D /* NewsView.swift */; };
		29CCEE2229C4DDF400452C0D /* NewsViewModel.swift in Sources */ = {isa = PBXBuildFile; fileRef = 29CCEE2129C4DDF400452C0D /* NewsViewModel.swift */; };
		29CCEE2429C5098500452C0D /* NewsCard.swift in Sources */ = {isa = PBXBuildFile; fileRef = 29CCEE2329C5098500452C0D /* NewsCard.swift */; };
		29CCEE2629C50D8B00452C0D /* ImageLoader.swift in Sources */ = {isa = PBXBuildFile; fileRef = 29CCEE2529C50D8B00452C0D /* ImageLoader.swift */; };
		29CCEE2829C512A500452C0D /* DetailedNewsView.swift in Sources */ = {isa = PBXBuildFile; fileRef = 29CCEE2729C512A500452C0D /* DetailedNewsView.swift */; };
/* End PBXBuildFile section */

/* Begin PBXContainerItemProxy section */
		29751D2029C88E1A004986F8 /* PBXContainerItemProxy */ = {
			isa = PBXContainerItemProxy;
			containerPortal = 29CCEDF929C3485600452C0D /* Project object */;
			proxyType = 1;
			remoteGlobalIDString = 29CCEE0029C3485600452C0D;
			remoteInfo = NewsCombine;
		};
/* End PBXContainerItemProxy section */

/* Begin PBXFileReference section */
		29751D1C29C88E1A004986F8 /* NewsCombineTests.xctest */ = {isa = PBXFileReference; explicitFileType = wrapper.cfbundle; includeInIndex = 0; path = NewsCombineTests.xctest; sourceTree = BUILT_PRODUCTS_DIR; };
		29751D1E29C88E1A004986F8 /* NewsCombineTests.swift */ = {isa = PBXFileReference; lastKnownFileType = sourcecode.swift; path = NewsCombineTests.swift; sourceTree = "<group>"; };
		29CCEE0129C3485600452C0D /* NewsCombine.app */ = {isa = PBXFileReference; explicitFileType = wrapper.application; includeInIndex = 0; path = NewsCombine.app; sourceTree = BUILT_PRODUCTS_DIR; };
		29CCEE0429C3485600452C0D /* NewsCombineApp.swift */ = {isa = PBXFileReference; lastKnownFileType = sourcecode.swift; path = NewsCombineApp.swift; sourceTree = "<group>"; };
		29CCEE0629C3485600452C0D /* ContentView.swift */ = {isa = PBXFileReference; lastKnownFileType = sourcecode.swift; path = ContentView.swift; sourceTree = "<group>"; };
		29CCEE0829C3485A00452C0D /* Assets.xcassets */ = {isa = PBXFileReference; lastKnownFileType = folder.assetcatalog; path = Assets.xcassets; sourceTree = "<group>"; };
		29CCEE0B29C3485A00452C0D /* Preview Assets.xcassets */ = {isa = PBXFileReference; lastKnownFileType = folder.assetcatalog; path = "Preview Assets.xcassets"; sourceTree = "<group>"; };
		29CCEE1229C34DA900452C0D /* News.swift */ = {isa = PBXFileReference; lastKnownFileType = sourcecode.swift; path = News.swift; sourceTree = "<group>"; };
		29CCEE1629C34DD400452C0D /* NewsView.swift */ = {isa = PBXFileReference; lastKnownFileType = sourcecode.swift; path = NewsView.swift; sourceTree = "<group>"; };
		29CCEE2129C4DDF400452C0D /* NewsViewModel.swift */ = {isa = PBXFileReference; lastKnownFileType = sourcecode.swift; path = NewsViewModel.swift; sourceTree = "<group>"; };
		29CCEE2329C5098500452C0D /* NewsCard.swift */ = {isa = PBXFileReference; lastKnownFileType = sourcecode.swift; path = NewsCard.swift; sourceTree = "<group>"; };
		29CCEE2529C50D8B00452C0D /* ImageLoader.swift */ = {isa = PBXFileReference; lastKnownFileType = sourcecode.swift; path = ImageLoader.swift; sourceTree = "<group>"; };
		29CCEE2729C512A500452C0D /* DetailedNewsView.swift */ = {isa = PBXFileReference; lastKnownFileType = sourcecode.swift; path = DetailedNewsView.swift; sourceTree = "<group>"; };
/* End PBXFileReference section */

/* Begin PBXFrameworksBuildPhase section */
		29751D1929C88E1A004986F8 /* Frameworks */ = {
			isa = PBXFrameworksBuildPhase;
			buildActionMask = 2147483647;
			files = (
			);
			runOnlyForDeploymentPostprocessing = 0;
		};
		29CCEDFE29C3485600452C0D /* Frameworks */ = {
			isa = PBXFrameworksBuildPhase;
			buildActionMask = 2147483647;
			files = (
			);
			runOnlyForDeploymentPostprocessing = 0;
		};
/* End PBXFrameworksBuildPhase section */

/* Begin PBXGroup section */
		29751D1D29C88E1A004986F8 /* NewsCombineTests */ = {
			isa = PBXGroup;
			children = (
				29751D1E29C88E1A004986F8 /* NewsCombineTests.swift */,
			);
			path = NewsCombineTests;
			sourceTree = "<group>";
		};
		29CCEDF829C3485600452C0D = {
			isa = PBXGroup;
			children = (
				29CCEE0329C3485600452C0D /* NewsCombine */,
				29751D1D29C88E1A004986F8 /* NewsCombineTests */,
				29CCEE0229C3485600452C0D /* Products */,
			);
			sourceTree = "<group>";
		};
		29CCEE0229C3485600452C0D /* Products */ = {
			isa = PBXGroup;
			children = (
				29CCEE0129C3485600452C0D /* NewsCombine.app */,
				29751D1C29C88E1A004986F8 /* NewsCombineTests.xctest */,
			);
			name = Products;
			sourceTree = "<group>";
		};
		29CCEE0329C3485600452C0D /* NewsCombine */ = {
			isa = PBXGroup;
			children = (
				29CCEE2029C4DDE300452C0D /* ViewModels */,
				29CCEE1529C34DB500452C0D /* Views */,
				29CCEE1429C34DAE00452C0D /* Models */,
				29CCEE0429C3485600452C0D /* NewsCombineApp.swift */,
				29CCEE0629C3485600452C0D /* ContentView.swift */,
				29CCEE0829C3485A00452C0D /* Assets.xcassets */,
				29CCEE0A29C3485A00452C0D /* Preview Content */,
				29CCEE2529C50D8B00452C0D /* ImageLoader.swift */,
			);
			path = NewsCombine;
			sourceTree = "<group>";
		};
		29CCEE0A29C3485A00452C0D /* Preview Content */ = {
			isa = PBXGroup;
			children = (
				29CCEE0B29C3485A00452C0D /* Preview Assets.xcassets */,
			);
			path = "Preview Content";
			sourceTree = "<group>";
		};
		29CCEE1429C34DAE00452C0D /* Models */ = {
			isa = PBXGroup;
			children = (
				29CCEE1229C34DA900452C0D /* News.swift */,
			);
			path = Models;
			sourceTree = "<group>";
		};
		29CCEE1529C34DB500452C0D /* Views */ = {
			isa = PBXGroup;
			children = (
				29CCEE1629C34DD400452C0D /* NewsView.swift */,
				29CCEE2329C5098500452C0D /* NewsCard.swift */,
				29CCEE2729C512A500452C0D /* DetailedNewsView.swift */,
			);
			path = Views;
			sourceTree = "<group>";
		};
		29CCEE2029C4DDE300452C0D /* ViewModels */ = {
			isa = PBXGroup;
			children = (
				29CCEE2129C4DDF400452C0D /* NewsViewModel.swift */,
			);
			path = ViewModels;
			sourceTree = "<group>";
		};
/* End PBXGroup section */

/* Begin PBXNativeTarget section */
		29751D1B29C88E1A004986F8 /* NewsCombineTests */ = {
			isa = PBXNativeTarget;
			buildConfigurationList = 29751D2429C88E1A004986F8 /* Build configuration list for PBXNativeTarget "NewsCombineTests" */;
			buildPhases = (
				29751D1829C88E1A004986F8 /* Sources */,
				29751D1929C88E1A004986F8 /* Frameworks */,
				29751D1A29C88E1A004986F8 /* Resources */,
			);
			buildRules = (
			);
			dependencies = (
				29751D2129C88E1A004986F8 /* PBXTargetDependency */,
			);
			name = NewsCombineTests;
			productName = NewsCombineTests;
			productReference = 29751D1C29C88E1A004986F8 /* NewsCombineTests.xctest */;
			productType = "com.apple.product-type.bundle.unit-test";
		};
		29CCEE0029C3485600452C0D /* NewsCombine */ = {
			isa = PBXNativeTarget;
			buildConfigurationList = 29CCEE0F29C3485A00452C0D /* Build configuration list for PBXNativeTarget "NewsCombine" */;
			buildPhases = (
				29CCEDFD29C3485600452C0D /* Sources */,
				29CCEDFE29C3485600452C0D /* Frameworks */,
				29CCEDFF29C3485600452C0D /* Resources */,
			);
			buildRules = (
			);
			dependencies = (
			);
			name = NewsCombine;
			productName = NewsCombine;
			productReference = 29CCEE0129C3485600452C0D /* NewsCombine.app */;
			productType = "com.apple.product-type.application";
		};
/* End PBXNativeTarget section */

/* Begin PBXProject section */
		29CCEDF929C3485600452C0D /* Project object */ = {
			isa = PBXProject;
			attributes = {
				BuildIndependentTargetsInParallel = 1;
				LastSwiftUpdateCheck = 1420;
				LastUpgradeCheck = 1420;
				TargetAttributes = {
					29751D1B29C88E1A004986F8 = {
						CreatedOnToolsVersion = 14.2;
						TestTargetID = 29CCEE0029C3485600452C0D;
					};
					29CCEE0029C3485600452C0D = {
						CreatedOnToolsVersion = 14.2;
					};
				};
			};
			buildConfigurationList = 29CCEDFC29C3485600452C0D /* Build configuration list for PBXProject "NewsCombine" */;
			compatibilityVersion = "Xcode 14.0";
			developmentRegion = en;
			hasScannedForEncodings = 0;
			knownRegions = (
				en,
				Base,
			);
			mainGroup = 29CCEDF829C3485600452C0D;
			productRefGroup = 29CCEE0229C3485600452C0D /* Products */;
			projectDirPath = "";
			projectRoot = "";
			targets = (
				29CCEE0029C3485600452C0D /* NewsCombine */,
				29751D1B29C88E1A004986F8 /* NewsCombineTests */,
			);
		};
/* End PBXProject section */

/* Begin PBXResourcesBuildPhase section */
		29751D1A29C88E1A004986F8 /* Resources */ = {
			isa = PBXResourcesBuildPhase;
			buildActionMask = 2147483647;
			files = (
			);
			runOnlyForDeploymentPostprocessing = 0;
		};
		29CCEDFF29C3485600452C0D /* Resources */ = {
			isa = PBXResourcesBuildPhase;
			buildActionMask = 2147483647;
			files = (
				29CCEE0C29C3485A00452C0D /* Preview Assets.xcassets in Resources */,
				29CCEE0929C3485A00452C0D /* Assets.xcassets in Resources */,
			);
			runOnlyForDeploymentPostprocessing = 0;
		};
/* End PBXResourcesBuildPhase section */

/* Begin PBXSourcesBuildPhase section */
		29751D1829C88E1A004986F8 /* Sources */ = {
			isa = PBXSourcesBuildPhase;
			buildActionMask = 2147483647;
			files = (
				29751D2629C88E32004986F8 /* NewsCard.swift in Sources */,
				29751D2829C88E32004986F8 /* ContentView.swift in Sources */,
				29751D1F29C88E1A004986F8 /* NewsCombineTests.swift in Sources */,
				29751D2A29C88E32004986F8 /* DetailedNewsView.swift in Sources */,
				29751D2929C88E32004986F8 /* NewsView.swift in Sources */,
				29751D2729C88E32004986F8 /* News.swift in Sources */,
				29751D2B29C88E37004986F8 /* ImageLoader.swift in Sources */,
				29751D2529C88E28004986F8 /* NewsViewModel.swift in Sources */,
			);
			runOnlyForDeploymentPostprocessing = 0;
		};
		29CCEDFD29C3485600452C0D /* Sources */ = {
			isa = PBXSourcesBuildPhase;
			buildActionMask = 2147483647;
			files = (
				29CCEE2629C50D8B00452C0D /* ImageLoader.swift in Sources */,
				29CCEE2429C5098500452C0D /* NewsCard.swift in Sources */,
				29CCEE1329C34DA900452C0D /* News.swift in Sources */,
				29CCEE1729C34DD400452C0D /* NewsView.swift in Sources */,
				29CCEE2229C4DDF400452C0D /* NewsViewModel.swift in Sources */,
				29CCEE2829C512A500452C0D /* DetailedNewsView.swift in Sources */,
				29CCEE0729C3485600452C0D /* ContentView.swift in Sources */,
				29CCEE0529C3485600452C0D /* NewsCombineApp.swift in Sources */,
			);
			runOnlyForDeploymentPostprocessing = 0;
		};
/* End PBXSourcesBuildPhase section */

/* Begin PBXTargetDependency section */
		29751D2129C88E1A004986F8 /* PBXTargetDependency */ = {
			isa = PBXTargetDependency;
			target = 29CCEE0029C3485600452C0D /* NewsCombine */;
			targetProxy = 29751D2029C88E1A004986F8 /* PBXContainerItemProxy */;
		};
/* End PBXTargetDependency section */

/* Begin XCBuildConfiguration section */
		29751D2229C88E1A004986F8 /* Debug */ = {
			isa = XCBuildConfiguration;
			buildSettings = {
				BUNDLE_LOADER = "$(TEST_HOST)";
				CODE_SIGN_STYLE = Automatic;
				CURRENT_PROJECT_VERSION = 1;
				DEVELOPMENT_TEAM = TU72F4GFFV;
				GENERATE_INFOPLIST_FILE = YES;
				MARKETING_VERSION = 1.0;
				PRODUCT_BUNDLE_IDENTIFIER = mbabicz.NewsCombineTests;
				PRODUCT_NAME = "$(TARGET_NAME)";
				SWIFT_EMIT_LOC_STRINGS = NO;
				SWIFT_VERSION = 5.0;
				TARGETED_DEVICE_FAMILY = "1,2";
				TEST_HOST = "$(BUILT_PRODUCTS_DIR)/NewsCombine.app/$(BUNDLE_EXECUTABLE_FOLDER_PATH)/NewsCombine";
			};
			name = Debug;
		};
		29751D2329C88E1A004986F8 /* Release */ = {
			isa = XCBuildConfiguration;
			buildSettings = {
				BUNDLE_LOADER = "$(TEST_HOST)";
				CODE_SIGN_STYLE = Automatic;
				CURRENT_PROJECT_VERSION = 1;
				DEVELOPMENT_TEAM = TU72F4GFFV;
				GENERATE_INFOPLIST_FILE = YES;
				MARKETING_VERSION = 1.0;
				PRODUCT_BUNDLE_IDENTIFIER = mbabicz.NewsCombineTests;
				PRODUCT_NAME = "$(TARGET_NAME)";
				SWIFT_EMIT_LOC_STRINGS = NO;
				SWIFT_VERSION = 5.0;
				TARGETED_DEVICE_FAMILY = "1,2";
				TEST_HOST = "$(BUILT_PRODUCTS_DIR)/NewsCombine.app/$(BUNDLE_EXECUTABLE_FOLDER_PATH)/NewsCombine";
			};
			name = Release;
		};
		29CCEE0D29C3485A00452C0D /* Debug */ = {
			isa = XCBuildConfiguration;
			buildSettings = {
				ALWAYS_SEARCH_USER_PATHS = NO;
				CLANG_ANALYZER_NONNULL = YES;
				CLANG_ANALYZER_NUMBER_OBJECT_CONVERSION = YES_AGGRESSIVE;
				CLANG_CXX_LANGUAGE_STANDARD = "gnu++20";
				CLANG_ENABLE_MODULES = YES;
				CLANG_ENABLE_OBJC_ARC = YES;
				CLANG_ENABLE_OBJC_WEAK = YES;
				CLANG_WARN_BLOCK_CAPTURE_AUTORELEASING = YES;
				CLANG_WARN_BOOL_CONVERSION = YES;
				CLANG_WARN_COMMA = YES;
				CLANG_WARN_CONSTANT_CONVERSION = YES;
				CLANG_WARN_DEPRECATED_OBJC_IMPLEMENTATIONS = YES;
				CLANG_WARN_DIRECT_OBJC_ISA_USAGE = YES_ERROR;
				CLANG_WARN_DOCUMENTATION_COMMENTS = YES;
				CLANG_WARN_EMPTY_BODY = YES;
				CLANG_WARN_ENUM_CONVERSION = YES;
				CLANG_WARN_INFINITE_RECURSION = YES;
				CLANG_WARN_INT_CONVERSION = YES;
				CLANG_WARN_NON_LITERAL_NULL_CONVERSION = YES;
				CLANG_WARN_OBJC_IMPLICIT_RETAIN_SELF = YES;
				CLANG_WARN_OBJC_LITERAL_CONVERSION = YES;
				CLANG_WARN_OBJC_ROOT_CLASS = YES_ERROR;
				CLANG_WARN_QUOTED_INCLUDE_IN_FRAMEWORK_HEADER = YES;
				CLANG_WARN_RANGE_LOOP_ANALYSIS = YES;
				CLANG_WARN_STRICT_PROTOTYPES = YES;
				CLANG_WARN_SUSPICIOUS_MOVE = YES;
				CLANG_WARN_UNGUARDED_AVAILABILITY = YES_AGGRESSIVE;
				CLANG_WARN_UNREACHABLE_CODE = YES;
				CLANG_WARN__DUPLICATE_METHOD_MATCH = YES;
				COPY_PHASE_STRIP = NO;
				DEBUG_INFORMATION_FORMAT = dwarf;
				ENABLE_STRICT_OBJC_MSGSEND = YES;
				ENABLE_TESTABILITY = YES;
				GCC_C_LANGUAGE_STANDARD = gnu11;
				GCC_DYNAMIC_NO_PIC = NO;
				GCC_NO_COMMON_BLOCKS = YES;
				GCC_OPTIMIZATION_LEVEL = 0;
				GCC_PREPROCESSOR_DEFINITIONS = (
					"DEBUG=1",
					"$(inherited)",
				);
				GCC_WARN_64_TO_32_BIT_CONVERSION = YES;
				GCC_WARN_ABOUT_RETURN_TYPE = YES_ERROR;
				GCC_WARN_UNDECLARED_SELECTOR = YES;
				GCC_WARN_UNINITIALIZED_AUTOS = YES_AGGRESSIVE;
				GCC_WARN_UNUSED_FUNCTION = YES;
				GCC_WARN_UNUSED_VARIABLE = YES;
				IPHONEOS_DEPLOYMENT_TARGET = 16.2;
				MTL_ENABLE_DEBUG_INFO = INCLUDE_SOURCE;
				MTL_FAST_MATH = YES;
				ONLY_ACTIVE_ARCH = YES;
				SDKROOT = iphoneos;
				SWIFT_ACTIVE_COMPILATION_CONDITIONS = DEBUG;
				SWIFT_OPTIMIZATION_LEVEL = "-Onone";
			};
			name = Debug;
		};
		29CCEE0E29C3485A00452C0D /* Release */ = {
			isa = XCBuildConfiguration;
			buildSettings = {
				ALWAYS_SEARCH_USER_PATHS = NO;
				CLANG_ANALYZER_NONNULL = YES;
				CLANG_ANALYZER_NUMBER_OBJECT_CONVERSION = YES_AGGRESSIVE;
				CLANG_CXX_LANGUAGE_STANDARD = "gnu++20";
				CLANG_ENABLE_MODULES = YES;
				CLANG_ENABLE_OBJC_ARC = YES;
				CLANG_ENABLE_OBJC_WEAK = YES;
				CLANG_WARN_BLOCK_CAPTURE_AUTORELEASING = YES;
				CLANG_WARN_BOOL_CONVERSION = YES;
				CLANG_WARN_COMMA = YES;
				CLANG_WARN_CONSTANT_CONVERSION = YES;
				CLANG_WARN_DEPRECATED_OBJC_IMPLEMENTATIONS = YES;
				CLANG_WARN_DIRECT_OBJC_ISA_USAGE = YES_ERROR;
				CLANG_WARN_DOCUMENTATION_COMMENTS = YES;
				CLANG_WARN_EMPTY_BODY = YES;
				CLANG_WARN_ENUM_CONVERSION = YES;
				CLANG_WARN_INFINITE_RECURSION = YES;
				CLANG_WARN_INT_CONVERSION = YES;
				CLANG_WARN_NON_LITERAL_NULL_CONVERSION = YES;
				CLANG_WARN_OBJC_IMPLICIT_RETAIN_SELF = YES;
				CLANG_WARN_OBJC_LITERAL_CONVERSION = YES;
				CLANG_WARN_OBJC_ROOT_CLASS = YES_ERROR;
				CLANG_WARN_QUOTED_INCLUDE_IN_FRAMEWORK_HEADER = YES;
				CLANG_WARN_RANGE_LOOP_ANALYSIS = YES;
				CLANG_WARN_STRICT_PROTOTYPES = YES;
				CLANG_WARN_SUSPICIOUS_MOVE = YES;
				CLANG_WARN_UNGUARDED_AVAILABILITY = YES_AGGRESSIVE;
				CLANG_WARN_UNREACHABLE_CODE = YES;
				CLANG_WARN__DUPLICATE_METHOD_MATCH = YES;
				COPY_PHASE_STRIP = NO;
				DEBUG_INFORMATION_FORMAT = "dwarf-with-dsym";
				ENABLE_NS_ASSERTIONS = NO;
				ENABLE_STRICT_OBJC_MSGSEND = YES;
				GCC_C_LANGUAGE_STANDARD = gnu11;
				GCC_NO_COMMON_BLOCKS = YES;
				GCC_WARN_64_TO_32_BIT_CONVERSION = YES;
				GCC_WARN_ABOUT_RETURN_TYPE = YES_ERROR;
				GCC_WARN_UNDECLARED_SELECTOR = YES;
				GCC_WARN_UNINITIALIZED_AUTOS = YES_AGGRESSIVE;
				GCC_WARN_UNUSED_FUNCTION = YES;
				GCC_WARN_UNUSED_VARIABLE = YES;
				IPHONEOS_DEPLOYMENT_TARGET = 16.2;
				MTL_ENABLE_DEBUG_INFO = NO;
				MTL_FAST_MATH = YES;
				SDKROOT = iphoneos;
				SWIFT_COMPILATION_MODE = wholemodule;
				SWIFT_OPTIMIZATION_LEVEL = "-O";
				VALIDATE_PRODUCT = YES;
			};
			name = Release;
		};
		29CCEE1029C3485A00452C0D /* Debug */ = {
			isa = XCBuildConfiguration;
			buildSettings = {
				ASSETCATALOG_COMPILER_APPICON_NAME = AppIcon;
				ASSETCATALOG_COMPILER_GLOBAL_ACCENT_COLOR_NAME = AccentColor;
				CODE_SIGN_STYLE = Automatic;
				CURRENT_PROJECT_VERSION = 1;
				DEVELOPMENT_ASSET_PATHS = "\"NewsCombine/Preview Content\"";
				DEVELOPMENT_TEAM = TU72F4GFFV;
				ENABLE_PREVIEWS = YES;
				GENERATE_INFOPLIST_FILE = YES;
				INFOPLIST_KEY_UIApplicationSceneManifest_Generation = YES;
				INFOPLIST_KEY_UIApplicationSupportsIndirectInputEvents = YES;
				INFOPLIST_KEY_UILaunchScreen_Generation = YES;
				INFOPLIST_KEY_UISupportedInterfaceOrientations_iPad = "UIInterfaceOrientationPortrait UIInterfaceOrientationPortraitUpsideDown UIInterfaceOrientationLandscapeLeft UIInterfaceOrientationLandscapeRight";
				INFOPLIST_KEY_UISupportedInterfaceOrientations_iPhone = "UIInterfaceOrientationPortrait UIInterfaceOrientationLandscapeLeft UIInterfaceOrientationLandscapeRight";
				LD_RUNPATH_SEARCH_PATHS = (
					"$(inherited)",
					"@executable_path/Frameworks",
				);
				MARKETING_VERSION = 1.0;
				PRODUCT_BUNDLE_IDENTIFIER = mbabicz.NewsCombine;
				PRODUCT_NAME = "$(TARGET_NAME)";
				SWIFT_EMIT_LOC_STRINGS = YES;
				SWIFT_VERSION = 5.0;
				TARGETED_DEVICE_FAMILY = "1,2";
			};
			name = Debug;
		};
		29CCEE1129C3485A00452C0D /* Release */ = {
			isa = XCBuildConfiguration;
			buildSettings = {
				ASSETCATALOG_COMPILER_APPICON_NAME = AppIcon;
				ASSETCATALOG_COMPILER_GLOBAL_ACCENT_COLOR_NAME = AccentColor;
				CODE_SIGN_STYLE = Automatic;
				CURRENT_PROJECT_VERSION = 1;
				DEVELOPMENT_ASSET_PATHS = "\"NewsCombine/Preview Content\"";
				DEVELOPMENT_TEAM = TU72F4GFFV;
				ENABLE_PREVIEWS = YES;
				GENERATE_INFOPLIST_FILE = YES;
				INFOPLIST_KEY_UIApplicationSceneManifest_Generation = YES;
				INFOPLIST_KEY_UIApplicationSupportsIndirectInputEvents = YES;
				INFOPLIST_KEY_UILaunchScreen_Generation = YES;
				INFOPLIST_KEY_UISupportedInterfaceOrientations_iPad = "UIInterfaceOrientationPortrait UIInterfaceOrientationPortraitUpsideDown UIInterfaceOrientationLandscapeLeft UIInterfaceOrientationLandscapeRight";
				INFOPLIST_KEY_UISupportedInterfaceOrientations_iPhone = "UIInterfaceOrientationPortrait UIInterfaceOrientationLandscapeLeft UIInterfaceOrientationLandscapeRight";
				LD_RUNPATH_SEARCH_PATHS = (
					"$(inherited)",
					"@executable_path/Frameworks",
				);
				MARKETING_VERSION = 1.0;
				PRODUCT_BUNDLE_IDENTIFIER = mbabicz.NewsCombine;
				PRODUCT_NAME = "$(TARGET_NAME)";
				SWIFT_EMIT_LOC_STRINGS = YES;
				SWIFT_VERSION = 5.0;
				TARGETED_DEVICE_FAMILY = "1,2";
			};
			name = Release;
		};
/* End XCBuildConfiguration section */

/* Begin XCConfigurationList section */
		29751D2429C88E1A004986F8 /* Build configuration list for PBXNativeTarget "NewsCombineTests" */ = {
			isa = XCConfigurationList;
			buildConfigurations = (
				29751D2229C88E1A004986F8 /* Debug */,
				29751D2329C88E1A004986F8 /* Release */,
			);
			defaultConfigurationIsVisible = 0;
			defaultConfigurationName = Release;
		};
		29CCEDFC29C3485600452C0D /* Build configuration list for PBXProject "NewsCombine" */ = {
			isa = XCConfigurationList;
			buildConfigurations = (
				29CCEE0D29C3485A00452C0D /* Debug */,
				29CCEE0E29C3485A00452C0D /* Release */,
			);
			defaultConfigurationIsVisible = 0;
			defaultConfigurationName = Release;
		};
		29CCEE0F29C3485A00452C0D /* Build configuration list for PBXNativeTarget "NewsCombine" */ = {
			isa = XCConfigurationList;
			buildConfigurations = (
				29CCEE1029C3485A00452C0D /* Debug */,
				29CCEE1129C3485A00452C0D /* Release */,
			);
			defaultConfigurationIsVisible = 0;
			defaultConfigurationName = Release;
		};
/* End XCConfigurationList section */
	};
	rootObject = 29CCEDF929C3485600452C0D /* Project object */;
}
